{
  "name": "mixa",
  "version": "0.0.0",
  "lockfileVersion": 2,
  "requires": true,
  "packages": {
    "": {
      "version": "0.0.0",
      "license": "ISC",
      "dependencies": {
        "cnd": "^9.2.1",
        "command-line-args": "^5.1.1",
        "intertype": "^7.4.0",
        "letsfreezethat": "^2.2.5",
        "multimix": "^4.1.0"
      }
    },
    "node_modules/array-back": {
      "version": "3.1.0",
      "resolved": "https://registry.npmjs.org/array-back/-/array-back-3.1.0.tgz",
      "integrity": "sha512-TkuxA4UCOvxuDK6NZYXCalszEzj+TLszyASooky+i742l9TqsOdYCMJJupxRic61hwquNtppB3hgcuq9SVSH1Q=="
    },
    "node_modules/cnd": {
      "version": "9.2.1",
      "resolved": "https://registry.npmjs.org/cnd/-/cnd-9.2.1.tgz",
      "integrity": "sha512-JszZtSlOCxkIvNPKpw1PmIcQUjYO+pBqVoKVH2STHLtG4JHHJ1NHowv39lhyxzlPxUTZk7pZ3qO7CfrfJ8ZSKw=="
    },
    "node_modules/command-line-args": {
      "version": "5.1.1",
      "resolved": "https://registry.npmjs.org/command-line-args/-/command-line-args-5.1.1.tgz",
      "integrity": "sha512-hL/eG8lrll1Qy1ezvkant+trihbGnaKaeEjj6Scyr3DN+RC7iQ5Rz84IeLERfAWDGo0HBSNAakczwgCilDXnWg==",
      "dependencies": {
        "array-back": "^3.0.1",
        "find-replace": "^3.0.0",
        "lodash.camelcase": "^4.3.0",
        "typical": "^4.0.0"
      }
    },
    "node_modules/find-replace": {
      "version": "3.0.0",
      "resolved": "https://registry.npmjs.org/find-replace/-/find-replace-3.0.0.tgz",
      "integrity": "sha512-6Tb2myMioCAgv5kfvP5/PkZZ/ntTpVK39fHY7WkWBgvbeE+VHd/tZuZ4mrC+bxh4cfOZeYKVPaJIZtZXV7GNCQ==",
      "dependencies": {
        "array-back": "^3.0.1"
      }
    },
    "node_modules/intertype": {
      "version": "7.4.0",
      "resolved": "https://registry.npmjs.org/intertype/-/intertype-7.4.0.tgz",
      "integrity": "sha512-O+FLe5d7SLBm9EEtkyt6Rxg6mycDbIYo6EG7Z7tghpPoFd2+CThheSrqbdNijN73wpFAZgKtlfAgnMz5Yl7LPQ==",
      "dependencies": {
        "cnd": "^9.0.0",
        "multimix": "^4.1.0"
      }
    },
    "node_modules/letsfreezethat": {
      "version": "2.2.5",
      "resolved": "https://registry.npmjs.org/letsfreezethat/-/letsfreezethat-2.2.5.tgz",
      "integrity": "sha512-w4XD73ki7rClXBft9OmvngG6abnE71h0BTMNCCXdmDGI3zYNIZYjG6/fOhRjz1crWc5ic/XGKdl6KkusftiKpA=="
    },
    "node_modules/lodash.camelcase": {
      "version": "4.3.0",
      "resolved": "https://registry.npmjs.org/lodash.camelcase/-/lodash.camelcase-4.3.0.tgz",
      "integrity": "sha1-soqmKIorn8ZRA1x3EfZathkDMaY="
    },
    "node_modules/multimix": {
      "version": "4.1.0",
      "resolved": "https://registry.npmjs.org/multimix/-/multimix-4.1.0.tgz",
      "integrity": "sha512-GUV1SMXk7ZS/DiLHNYA6G43I+ORymTRvixCXBebR8kIFWy/1Syl7WmoI0dBvPzvs7goIK3VbCRO+EtIEP2R11w==",
      "dependencies": {
        "cnd": "^9.0.0"
      }
    },
    "node_modules/typical": {
      "version": "4.0.0",
      "resolved": "https://registry.npmjs.org/typical/-/typical-4.0.0.tgz",
      "integrity": "sha512-VAH4IvQ7BDFYglMd7BPRDfLgxZZX4O4TFcRDA6EN5X7erNJJq+McIEp8np9aVtxrCJ6qx4GTYVfOWNjcqwZgRw=="
    }
  },
  "dependencies": {
    "array-back": {
      "version": "3.1.0",
      "resolved": "https://registry.npmjs.org/array-back/-/array-back-3.1.0.tgz",
      "integrity": "sha512-TkuxA4UCOvxuDK6NZYXCalszEzj+TLszyASooky+i742l9TqsOdYCMJJupxRic61hwquNtppB3hgcuq9SVSH1Q=="
    },
    "cnd": {
      "version": "9.2.1",
      "resolved": "https://registry.npmjs.org/cnd/-/cnd-9.2.1.tgz",
      "integrity": "sha512-JszZtSlOCxkIvNPKpw1PmIcQUjYO+pBqVoKVH2STHLtG4JHHJ1NHowv39lhyxzlPxUTZk7pZ3qO7CfrfJ8ZSKw=="
    },
    "command-line-args": {
      "version": "5.1.1",
      "resolved": "https://registry.npmjs.org/command-line-args/-/command-line-args-5.1.1.tgz",
      "integrity": "sha512-hL/eG8lrll1Qy1ezvkant+trihbGnaKaeEjj6Scyr3DN+RC7iQ5Rz84IeLERfAWDGo0HBSNAakczwgCilDXnWg==",
      "requires": {
        "array-back": "^3.0.1",
        "find-replace": "^3.0.0",
        "lodash.camelcase": "^4.3.0",
        "typical": "^4.0.0"
      }
    },
    "find-replace": {
      "version": "3.0.0",
      "resolved": "https://registry.npmjs.org/find-replace/-/find-replace-3.0.0.tgz",
      "integrity": "sha512-6Tb2myMioCAgv5kfvP5/PkZZ/ntTpVK39fHY7WkWBgvbeE+VHd/tZuZ4mrC+bxh4cfOZeYKVPaJIZtZXV7GNCQ==",
      "requires": {
        "array-back": "^3.0.1"
      }
    },
    "intertype": {
      "version": "7.4.0",
      "resolved": "https://registry.npmjs.org/intertype/-/intertype-7.4.0.tgz",
      "integrity": "sha512-O+FLe5d7SLBm9EEtkyt6Rxg6mycDbIYo6EG7Z7tghpPoFd2+CThheSrqbdNijN73wpFAZgKtlfAgnMz5Yl7LPQ==",
      "requires": {
        "cnd": "^9.0.0",
        "multimix": "^4.1.0"
      }
    },
    "letsfreezethat": {
      "version": "2.2.5",
      "resolved": "https://registry.npmjs.org/letsfreezethat/-/letsfreezethat-2.2.5.tgz",
      "integrity": "sha512-w4XD73ki7rClXBft9OmvngG6abnE71h0BTMNCCXdmDGI3zYNIZYjG6/fOhRjz1crWc5ic/XGKdl6KkusftiKpA=="
    },
    "lodash.camelcase": {
      "version": "4.3.0",
      "resolved": "https://registry.npmjs.org/lodash.camelcase/-/lodash.camelcase-4.3.0.tgz",
      "integrity": "sha1-soqmKIorn8ZRA1x3EfZathkDMaY="
    },
    "multimix": {
      "version": "4.1.0",
      "resolved": "https://registry.npmjs.org/multimix/-/multimix-4.1.0.tgz",
      "integrity": "sha512-GUV1SMXk7ZS/DiLHNYA6G43I+ORymTRvixCXBebR8kIFWy/1Syl7WmoI0dBvPzvs7goIK3VbCRO+EtIEP2R11w==",
      "requires": {
        "cnd": "^9.0.0"
      }
    },
    "typical": {
      "version": "4.0.0",
      "resolved": "https://registry.npmjs.org/typical/-/typical-4.0.0.tgz",
      "integrity": "sha512-VAH4IvQ7BDFYglMd7BPRDfLgxZZX4O4TFcRDA6EN5X7erNJJq+McIEp8np9aVtxrCJ6qx4GTYVfOWNjcqwZgRw=="
    }
  }
}
