{
  "name": "mixa",
  "version": "0.1.1",
  "lockfileVersion": 2,
  "requires": true,
  "packages": {
    "": {
      "version": "0.1.1",
      "license": "ISC",
      "dependencies": {
        "cnd": "^9.2.1",
        "command-line-args": "^6.0.0-preview.1",
        "intertype": "^7.4.0",
        "letsfreezethat": "^3.0.3",
        "multimix": "^4.1.0"
      }
    },
    "node_modules/argv-tools": {
      "version": "0.1.2",
      "resolved": "https://registry.npmjs.org/argv-tools/-/argv-tools-0.1.2.tgz",
      "integrity": "sha512-wxqoymY0BEu9NblZVQiOTOAiJUjPhaa/kbNMjC2h6bnrmUSgnxKgWJo3lzXvi3bHJRwXyqK/dHzMlZVRT89Cxg==",
      "dependencies": {
        "array-back": "^2.0.0",
        "find-replace": "^2.0.1"
      },
      "engines": {
        "node": ">=4.0.0"
      }
    },
    "node_modules/array-back": {
      "version": "2.0.0",
      "resolved": "https://registry.npmjs.org/array-back/-/array-back-2.0.0.tgz",
      "integrity": "sha512-eJv4pLLufP3g5kcZry0j6WXpIbzYw9GUB4mVJZno9wfwiBxbizTnHCw3VJb07cBihbFX48Y7oSrW9y+gt4glyw==",
      "dependencies": {
        "typical": "^2.6.1"
      },
      "engines": {
        "node": ">=4"
      }
    },
    "node_modules/cnd": {
      "version": "9.2.1",
      "resolved": "https://registry.npmjs.org/cnd/-/cnd-9.2.1.tgz",
      "integrity": "sha512-JszZtSlOCxkIvNPKpw1PmIcQUjYO+pBqVoKVH2STHLtG4JHHJ1NHowv39lhyxzlPxUTZk7pZ3qO7CfrfJ8ZSKw=="
    },
    "node_modules/command-line-args": {
      "version": "6.0.0-preview.1",
      "resolved": "https://registry.npmjs.org/command-line-args/-/command-line-args-6.0.0-preview.1.tgz",
      "integrity": "sha512-VMoUjP9U1XTJPfXFwr7ImZN6QRFxEIJ3WWE+aSmtTpLoLdfwgI4m8bvDdx1FjkJfTSxrYLt5B/Yu1hHvTo+AnQ==",
      "dependencies": {
        "argv-tools": "^0.1.1",
        "array-back": "^2.0.0",
        "find-replace": "^2.0.1",
        "lodash.camelcase": "^4.3.0",
        "typical": "^2.6.1"
      },
      "engines": {
        "node": ">=4.0.0"
      }
    },
    "node_modules/find-replace": {
      "version": "2.0.1",
      "resolved": "https://registry.npmjs.org/find-replace/-/find-replace-2.0.1.tgz",
      "integrity": "sha512-LzDo3Fpa30FLIBsh6DCDnMN1KW2g4QKkqKmejlImgWY67dDFPX/x9Kh/op/GK522DchQXEvDi/wD48HKW49XOQ==",
      "dependencies": {
        "array-back": "^2.0.0",
        "test-value": "^3.0.0"
      },
      "engines": {
        "node": ">=4.0.0"
      }
    },
    "node_modules/intertype": {
      "version": "7.4.0",
      "resolved": "https://registry.npmjs.org/intertype/-/intertype-7.4.0.tgz",
      "integrity": "sha512-O+FLe5d7SLBm9EEtkyt6Rxg6mycDbIYo6EG7Z7tghpPoFd2+CThheSrqbdNijN73wpFAZgKtlfAgnMz5Yl7LPQ==",
      "dependencies": {
        "cnd": "^9.0.0",
        "multimix": "^4.1.0"
      }
    },
    "node_modules/letsfreezethat": {
      "version": "3.0.3",
      "resolved": "https://registry.npmjs.org/letsfreezethat/-/letsfreezethat-3.0.3.tgz",
      "integrity": "sha512-Ckrod5Pcp056zgpEZNEk8P+m7QqHWLOU7NwoCLdSpJutdDvE8MIUPVYIUZpewbHZKFS6hfOCcbk3E4AC7fu4hg=="
    },
    "node_modules/lodash.camelcase": {
      "version": "4.3.0",
      "resolved": "https://registry.npmjs.org/lodash.camelcase/-/lodash.camelcase-4.3.0.tgz",
      "integrity": "sha1-soqmKIorn8ZRA1x3EfZathkDMaY="
    },
    "node_modules/multimix": {
      "version": "4.1.0",
      "resolved": "https://registry.npmjs.org/multimix/-/multimix-4.1.0.tgz",
      "integrity": "sha512-GUV1SMXk7ZS/DiLHNYA6G43I+ORymTRvixCXBebR8kIFWy/1Syl7WmoI0dBvPzvs7goIK3VbCRO+EtIEP2R11w==",
      "dependencies": {
        "cnd": "^9.0.0"
      }
    },
    "node_modules/test-value": {
      "version": "3.0.0",
      "resolved": "https://registry.npmjs.org/test-value/-/test-value-3.0.0.tgz",
      "integrity": "sha512-sVACdAWcZkSU9x7AOmJo5TqE+GyNJknHaHsMrR6ZnhjVlVN9Yx6FjHrsKZ3BjIpPCT68zYesPWkakrNupwfOTQ==",
      "dependencies": {
        "array-back": "^2.0.0",
        "typical": "^2.6.1"
      },
      "engines": {
        "node": ">=4.0.0"
      }
    },
    "node_modules/typical": {
      "version": "2.6.1",
      "resolved": "https://registry.npmjs.org/typical/-/typical-2.6.1.tgz",
      "integrity": "sha1-XAgOXWYcu+OCWdLnCjxyU+hziB0="
    }
  },
  "dependencies": {
    "argv-tools": {
      "version": "0.1.2",
      "resolved": "https://registry.npmjs.org/argv-tools/-/argv-tools-0.1.2.tgz",
      "integrity": "sha512-wxqoymY0BEu9NblZVQiOTOAiJUjPhaa/kbNMjC2h6bnrmUSgnxKgWJo3lzXvi3bHJRwXyqK/dHzMlZVRT89Cxg==",
      "requires": {
        "array-back": "^2.0.0",
        "find-replace": "^2.0.1"
      }
    },
    "array-back": {
      "version": "2.0.0",
      "resolved": "https://registry.npmjs.org/array-back/-/array-back-2.0.0.tgz",
      "integrity": "sha512-eJv4pLLufP3g5kcZry0j6WXpIbzYw9GUB4mVJZno9wfwiBxbizTnHCw3VJb07cBihbFX48Y7oSrW9y+gt4glyw==",
      "requires": {
        "typical": "^2.6.1"
      }
    },
    "cnd": {
      "version": "9.2.1",
      "resolved": "https://registry.npmjs.org/cnd/-/cnd-9.2.1.tgz",
      "integrity": "sha512-JszZtSlOCxkIvNPKpw1PmIcQUjYO+pBqVoKVH2STHLtG4JHHJ1NHowv39lhyxzlPxUTZk7pZ3qO7CfrfJ8ZSKw=="
    },
    "command-line-args": {
      "version": "6.0.0-preview.1",
      "resolved": "https://registry.npmjs.org/command-line-args/-/command-line-args-6.0.0-preview.1.tgz",
      "integrity": "sha512-VMoUjP9U1XTJPfXFwr7ImZN6QRFxEIJ3WWE+aSmtTpLoLdfwgI4m8bvDdx1FjkJfTSxrYLt5B/Yu1hHvTo+AnQ==",
      "requires": {
        "argv-tools": "^0.1.1",
        "array-back": "^2.0.0",
        "find-replace": "^2.0.1",
        "lodash.camelcase": "^4.3.0",
        "typical": "^2.6.1"
      }
    },
    "find-replace": {
      "version": "2.0.1",
      "resolved": "https://registry.npmjs.org/find-replace/-/find-replace-2.0.1.tgz",
      "integrity": "sha512-LzDo3Fpa30FLIBsh6DCDnMN1KW2g4QKkqKmejlImgWY67dDFPX/x9Kh/op/GK522DchQXEvDi/wD48HKW49XOQ==",
      "requires": {
        "array-back": "^2.0.0",
        "test-value": "^3.0.0"
      }
    },
    "intertype": {
      "version": "7.4.0",
      "resolved": "https://registry.npmjs.org/intertype/-/intertype-7.4.0.tgz",
      "integrity": "sha512-O+FLe5d7SLBm9EEtkyt6Rxg6mycDbIYo6EG7Z7tghpPoFd2+CThheSrqbdNijN73wpFAZgKtlfAgnMz5Yl7LPQ==",
      "requires": {
        "cnd": "^9.0.0",
        "multimix": "^4.1.0"
      }
    },
    "letsfreezethat": {
      "version": "3.0.3",
      "resolved": "https://registry.npmjs.org/letsfreezethat/-/letsfreezethat-3.0.3.tgz",
      "integrity": "sha512-Ckrod5Pcp056zgpEZNEk8P+m7QqHWLOU7NwoCLdSpJutdDvE8MIUPVYIUZpewbHZKFS6hfOCcbk3E4AC7fu4hg=="
    },
    "lodash.camelcase": {
      "version": "4.3.0",
      "resolved": "https://registry.npmjs.org/lodash.camelcase/-/lodash.camelcase-4.3.0.tgz",
      "integrity": "sha1-soqmKIorn8ZRA1x3EfZathkDMaY="
    },
    "multimix": {
      "version": "4.1.0",
      "resolved": "https://registry.npmjs.org/multimix/-/multimix-4.1.0.tgz",
      "integrity": "sha512-GUV1SMXk7ZS/DiLHNYA6G43I+ORymTRvixCXBebR8kIFWy/1Syl7WmoI0dBvPzvs7goIK3VbCRO+EtIEP2R11w==",
      "requires": {
        "cnd": "^9.0.0"
      }
    },
    "test-value": {
      "version": "3.0.0",
      "resolved": "https://registry.npmjs.org/test-value/-/test-value-3.0.0.tgz",
      "integrity": "sha512-sVACdAWcZkSU9x7AOmJo5TqE+GyNJknHaHsMrR6ZnhjVlVN9Yx6FjHrsKZ3BjIpPCT68zYesPWkakrNupwfOTQ==",
      "requires": {
        "array-back": "^2.0.0",
        "typical": "^2.6.1"
      }
    },
    "typical": {
      "version": "2.6.1",
      "resolved": "https://registry.npmjs.org/typical/-/typical-2.6.1.tgz",
      "integrity": "sha1-XAgOXWYcu+OCWdLnCjxyU+hziB0="
    }
  }
}
